<?xml version="1.0" encoding="utf-8"?>
<Project ToolsVersion="4.0" xmlns="http://schemas.microsoft.com/developer/msbuild/2003">
  <ItemGroup>
    <Filter Include="Source Files">
      <UniqueIdentifier>{4FC737F1-C7A5-4376-A066-2A32D752A2FF}</UniqueIdentifier>
      <Extensions>cpp;c;cc;cxx;def;odl;idl;hpj;bat;asm;asmx</Extensions>
    </Filter>
    <Filter Include="Header Files">
      <UniqueIdentifier>{93995380-89BD-4b04-88EB-625FBE52EBFB}</UniqueIdentifier>
      <Extensions>h;hh;hpp;hxx;hm;inl;inc;xsd</Extensions>
    </Filter>
    <Filter Include="Resource Files">
      <UniqueIdentifier>{67DA6AB6-F800-4c08-8B7A-83BB121AAD01}</UniqueIdentifier>
      <Extensions>rc;ico;cur;bmp;dlg;rc2;rct;bin;rgs;gif;jpg;jpeg;jpe;resx;tiff;tif;png;wav;mfcribbon-ms</Extensions>
    </Filter>
    <Filter Include="FreeImage">
      <UniqueIdentifier>{66206bf5-a9cb-4fc5-bda1-05ce543bd719}</UniqueIdentifier>
    </Filter>
  </ItemGroup>
  <ItemGroup>
    <ClCompile Include="Main.cpp">
      <Filter>Source Files</Filter>
    </ClCompile>
    <ClCompile Include="MapImager.cpp">
      <Filter>Source Files</Filter>
    </ClCompile>
  </ItemGroup>
  <ItemGroup>
    <None Include="..\Debug\Ashes.map" />
    <None Include="FreeImage\FreeImage.dll">
      <Filter>FreeImage</Filter>
    </None>
  </ItemGroup>
  <ItemGroup>
    <ClInclude Include="FreeImage\FreeImage.h">
      <Filter>FreeImage</Filter>
    </ClInclude>
    <ClInclude Include="MapImager.h">
      <Filter>Header Files</Filter>
    </ClInclude>
  </ItemGroup>
  <ItemGroup>
    <Library Include="FreeImage\FreeImage.lib">
      <Filter>FreeImage</Filter>
    </Library>
  </ItemGroup>
  <ItemGroup>
    <Image Include="..\..\..\GameDownload\Outpost2\trunk\well0005.bmp">
      <Filter>Resource Files</Filter>
    </Image>
    <Image Include="..\..\..\GameDownload\Outpost2\trunk\well0006.bmp">
      <Filter>Resource Files</Filter>
    </Image>
    <Image Include="..\..\..\GameDownload\Outpost2\trunk\well0007.bmp">
      <Filter>Resource Files</Filter>
    </Image>
    <Image Include="..\..\..\GameDownload\Outpost2\trunk\well0008.bmp">
      <Filter>Resource Files</Filter>
    </Image>
    <Image Include="..\..\..\GameDownload\Outpost2\trunk\well0009.bmp">
      <Filter>Resource Files</Filter>
    </Image>
    <Image Include="..\..\..\GameDownload\Outpost2\trunk\well0010.bmp">
      <Filter>Resource Files</Filter>
    </Image>
    <Image Include="..\..\..\GameDownload\Outpost2\trunk\well0011.bmp">
      <Filter>Resource Files</Filter>
    </Image>
    <Image Include="..\..\..\GameDownload\Outpost2\trunk\well0012.bmp">
      <Filter>Resource Files</Filter>
    </Image>
    <Image Include="..\..\..\GameDownload\Outpost2\trunk\well0000.bmp">
      <Filter>Resource Files</Filter>
    </Image>
    <Image Include="..\..\..\GameDownload\Outpost2\trunk\well0001.bmp">
      <Filter>Resource Files</Filter>
    </Image>
    <Image Include="..\..\..\GameDownload\Outpost2\trunk\well0002.bmp">
      <Filter>Resource Files</Filter>
    </Image>
    <Image Include="..\..\..\GameDownload\Outpost2\trunk\well0003.bmp">
      <Filter>Resource Files</Filter>
    </Image>
    <Image Include="..\..\..\GameDownload\Outpost2\trunk\well0004.bmp">
      <Filter>Resource Files</Filter>
    </Image>
  </ItemGroup>
</Project>